
Microsoft Visual Studio Solution File, Format Version 12.00
# Visual Studio Version 16
VisualStudioVersion = 16.0.30320.27
MinimumVisualStudioVersion = 10.0.40219.1
Project("{9A19103F-16F7-4668-BE54-9A1E7A4F7556}") = "App_Great_eCommerce_App_From_Scratch", "App_Great_eCommerce_App_From_Scratch\App_Great_eCommerce_App_From_Scratch.csproj", "{19925603-8AD3-4E8C-9C68-08061C38D833}"
EndProject
Global
	GlobalSection(SolutionConfigurationPlatforms) = preSolution
		Debug|Any CPU = Debug|Any CPU
		Release|Any CPU = Release|Any CPU
	EndGlobalSection
	GlobalSection(ProjectConfigurationPlatforms) = postSolution
		{19925603-8AD3-4E8C-9C68-08061C38D833}.Debug|Any CPU.ActiveCfg = Debug|Any CPU
		{19925603-8AD3-4E8C-9C68-08061C38D833}.Debug|Any CPU.Build.0 = Debug|Any CPU
		{19925603-8AD3-4E8C-9C68-08061C38D833}.Release|Any CPU.ActiveCfg = Release|Any CPU
		{19925603-8AD3-4E8C-9C68-08061C38D833}.Release|Any CPU.Build.0 = Release|Any CPU
	EndGlobalSection
	GlobalSection(SolutionProperties) = preSolution
		HideSolutionNode = FALSE
	EndGlobalSection
	GlobalSection(ExtensibilityGlobals) = postSolution
		SolutionGuid = {D1A64783-E15D-4D7F-A2C6-293C582CEF4C}
	EndGlobalSection
EndGlobal
